
Microsoft Visual Studio Solution File, Format Version 12.00
# Visual Studio Version 16
VisualStudioVersion = 16.0.28902.138
MinimumVisualStudioVersion = 10.0.40219.1
Project("{2150E333-8FDC-42A3-9474-1A3956D46DE8}") = "Business", "Business", "{0302F60C-BAE6-4624-80E8-E05312A42311}"
EndProject
Project("{2150E333-8FDC-42A3-9474-1A3956D46DE8}") = "Contract", "Contract", "{7989F7C3-C31D-43E3-AD54-9F595F602D18}"
EndProject
Project("{2150E333-8FDC-42A3-9474-1A3956D46DE8}") = "Service", "Service", "{6238A0D8-9D30-4AD7-A955-619D00465641}"
EndProject
Project("{2150E333-8FDC-42A3-9474-1A3956D46DE8}") = "Presentation", "Presentation", "{20F5DDCC-7EAF-4819-8F31-BA01746B869E}"
EndProject
Project("{2150E333-8FDC-42A3-9474-1A3956D46DE8}") = "Client", "Client", "{17660079-4433-4E4C-B162-C6881B099249}"
EndProject
Project("{2150E333-8FDC-42A3-9474-1A3956D46DE8}") = "Data", "Data", "{99B7C8A1-0A17-4C2F-8CA3-BF18EFE83CB1}"
EndProject
Project("{2150E333-8FDC-42A3-9474-1A3956D46DE8}") = "Solution Items", "Solution Items", "{15357311-CFE4-4405-A10D-C44023952727}"
	ProjectSection(SolutionItems) = preProject
		..\README.md = ..\README.md
	EndProjectSection
EndProject
Project("{9A19103F-16F7-4668-BE54-9A1E7A4F7556}") = "Zu1779.FCT.Service.MainServiceAPI", "Service\Zu1779.FCT.Service.MainServiceAPI\Zu1779.FCT.Service.MainServiceAPI.csproj", "{BEA73581-A3EE-4CCF-B5DA-31943F360E19}"
EndProject
Project("{9A19103F-16F7-4668-BE54-9A1E7A4F7556}") = "Zu1779.FCT.Contract.MainContract", "Contract\Zu1779.FCT.Contract.MainContract\Zu1779.FCT.Contract.MainContract.csproj", "{AD996190-99FC-4914-A41F-2EFFA20492D1}"
EndProject
Project("{9A19103F-16F7-4668-BE54-9A1E7A4F7556}") = "Zu1779.FCT.Business.RPGMainEngine", "Business\Zu1779.FCT.Business.RPGMainEngine\Zu1779.FCT.Business.RPGMainEngine.csproj", "{EAF32017-8572-46FC-8C83-10064835C650}"
EndProject
Project("{9A19103F-16F7-4668-BE54-9A1E7A4F7556}") = "Zu1779.FCT.Contract.RPGContract", "Contract\Zu1779.FCT.Contract.RPGContract\Zu1779.FCT.Contract.RPGContract.csproj", "{CA3B4EB2-5A36-4060-8952-EB457CD36D6D}"
EndProject
Project("{9A19103F-16F7-4668-BE54-9A1E7A4F7556}") = "Zu1779.FCT.Data.RPGData", "Data\Zu1779.FCT.Data.RPGData\Zu1779.FCT.Data.RPGData.csproj", "{D60AAB01-9BC1-4179-B8D2-1C700F75CEDF}"
EndProject
Project("{9A19103F-16F7-4668-BE54-9A1E7A4F7556}") = "Zu1779.FCT.Presentation.RPGWebMVC", "Presentation\Zu1779.FCT.Presentation.RPGWebMVC\Zu1779.FCT.Presentation.RPGWebMVC.csproj", "{A9B01511-16F6-4081-939B-CAF003D7CE75}"
EndProject
Project("{2150E333-8FDC-42A3-9474-1A3956D46DE8}") = "Infrastructure", "Infrastructure", "{B263CE6F-B8E3-4F91-8C8D-422CB63FF8B4}"
EndProject
Project("{9A19103F-16F7-4668-BE54-9A1E7A4F7556}") = "Zu1779.FCT.Client.RPGClient", "Client\Zu1779.FCT.Client.RPGClient\Zu1779.FCT.Client.RPGClient.csproj", "{1C76EB4F-FB96-43AD-8AE6-41A2E316E19D}"
EndProject
Project("{2150E333-8FDC-42A3-9474-1A3956D46DE8}") = "Automated", "Automated", "{B867BE17-F32C-40BC-B415-31C4C1038370}"
EndProject
Project("{9A19103F-16F7-4668-BE54-9A1E7A4F7556}") = "Zu1779.FCT.Automated.End", "AT\Zu1779.FCT.Automated.End\Zu1779.FCT.Automated.End.csproj", "{12772228-41BF-487E-B5CB-3C3CBE1DE630}"
EndProject
Project("{FAE04EC0-301F-11D3-BF4B-00C04F79EFBC}") = "Zu1779.FCT.Presentation.RPGWebAng", "Presentation\Zu1779.FCT.Presentation.RPGWebAng\Zu1779.FCT.Presentation.RPGWebAng.csproj", "{AF9942C0-30FC-45A6-A377-827C2C605FEB}"
EndProject
Global
	GlobalSection(SolutionConfigurationPlatforms) = preSolution
		Debug|Any CPU = Debug|Any CPU
		Release|Any CPU = Release|Any CPU
	EndGlobalSection
	GlobalSection(ProjectConfigurationPlatforms) = postSolution
		{BEA73581-A3EE-4CCF-B5DA-31943F360E19}.Debug|Any CPU.ActiveCfg = Debug|Any CPU
		{BEA73581-A3EE-4CCF-B5DA-31943F360E19}.Debug|Any CPU.Build.0 = Debug|Any CPU
		{BEA73581-A3EE-4CCF-B5DA-31943F360E19}.Release|Any CPU.ActiveCfg = Release|Any CPU
		{BEA73581-A3EE-4CCF-B5DA-31943F360E19}.Release|Any CPU.Build.0 = Release|Any CPU
		{AD996190-99FC-4914-A41F-2EFFA20492D1}.Debug|Any CPU.ActiveCfg = Debug|Any CPU
		{AD996190-99FC-4914-A41F-2EFFA20492D1}.Debug|Any CPU.Build.0 = Debug|Any CPU
		{AD996190-99FC-4914-A41F-2EFFA20492D1}.Release|Any CPU.ActiveCfg = Release|Any CPU
		{AD996190-99FC-4914-A41F-2EFFA20492D1}.Release|Any CPU.Build.0 = Release|Any CPU
		{EAF32017-8572-46FC-8C83-10064835C650}.Debug|Any CPU.ActiveCfg = Debug|Any CPU
		{EAF32017-8572-46FC-8C83-10064835C650}.Debug|Any CPU.Build.0 = Debug|Any CPU
		{EAF32017-8572-46FC-8C83-10064835C650}.Release|Any CPU.ActiveCfg = Release|Any CPU
		{EAF32017-8572-46FC-8C83-10064835C650}.Release|Any CPU.Build.0 = Release|Any CPU
		{CA3B4EB2-5A36-4060-8952-EB457CD36D6D}.Debug|Any CPU.ActiveCfg = Debug|Any CPU
		{CA3B4EB2-5A36-4060-8952-EB457CD36D6D}.Debug|Any CPU.Build.0 = Debug|Any CPU
		{CA3B4EB2-5A36-4060-8952-EB457CD36D6D}.Release|Any CPU.ActiveCfg = Release|Any CPU
		{CA3B4EB2-5A36-4060-8952-EB457CD36D6D}.Release|Any CPU.Build.0 = Release|Any CPU
		{D60AAB01-9BC1-4179-B8D2-1C700F75CEDF}.Debug|Any CPU.ActiveCfg = Debug|Any CPU
		{D60AAB01-9BC1-4179-B8D2-1C700F75CEDF}.Debug|Any CPU.Build.0 = Debug|Any CPU
		{D60AAB01-9BC1-4179-B8D2-1C700F75CEDF}.Release|Any CPU.ActiveCfg = Release|Any CPU
		{D60AAB01-9BC1-4179-B8D2-1C700F75CEDF}.Release|Any CPU.Build.0 = Release|Any CPU
		{A9B01511-16F6-4081-939B-CAF003D7CE75}.Debug|Any CPU.ActiveCfg = Debug|Any CPU
		{A9B01511-16F6-4081-939B-CAF003D7CE75}.Debug|Any CPU.Build.0 = Debug|Any CPU
		{A9B01511-16F6-4081-939B-CAF003D7CE75}.Release|Any CPU.ActiveCfg = Release|Any CPU
		{A9B01511-16F6-4081-939B-CAF003D7CE75}.Release|Any CPU.Build.0 = Release|Any CPU
		{1C76EB4F-FB96-43AD-8AE6-41A2E316E19D}.Debug|Any CPU.ActiveCfg = Debug|Any CPU
		{1C76EB4F-FB96-43AD-8AE6-41A2E316E19D}.Debug|Any CPU.Build.0 = Debug|Any CPU
		{1C76EB4F-FB96-43AD-8AE6-41A2E316E19D}.Release|Any CPU.ActiveCfg = Release|Any CPU
		{1C76EB4F-FB96-43AD-8AE6-41A2E316E19D}.Release|Any CPU.Build.0 = Release|Any CPU
		{12772228-41BF-487E-B5CB-3C3CBE1DE630}.Debug|Any CPU.ActiveCfg = Debug|Any CPU
		{12772228-41BF-487E-B5CB-3C3CBE1DE630}.Debug|Any CPU.Build.0 = Debug|Any CPU
		{12772228-41BF-487E-B5CB-3C3CBE1DE630}.Release|Any CPU.ActiveCfg = Release|Any CPU
		{12772228-41BF-487E-B5CB-3C3CBE1DE630}.Release|Any CPU.Build.0 = Release|Any CPU
		{AF9942C0-30FC-45A6-A377-827C2C605FEB}.Debug|Any CPU.ActiveCfg = Debug|Any CPU
		{AF9942C0-30FC-45A6-A377-827C2C605FEB}.Debug|Any CPU.Build.0 = Debug|Any CPU
		{AF9942C0-30FC-45A6-A377-827C2C605FEB}.Release|Any CPU.ActiveCfg = Release|Any CPU
		{AF9942C0-30FC-45A6-A377-827C2C605FEB}.Release|Any CPU.Build.0 = Release|Any CPU
	EndGlobalSection
	GlobalSection(SolutionProperties) = preSolution
		HideSolutionNode = FALSE
	EndGlobalSection
	GlobalSection(NestedProjects) = preSolution
		{BEA73581-A3EE-4CCF-B5DA-31943F360E19} = {6238A0D8-9D30-4AD7-A955-619D00465641}
		{AD996190-99FC-4914-A41F-2EFFA20492D1} = {7989F7C3-C31D-43E3-AD54-9F595F602D18}
		{EAF32017-8572-46FC-8C83-10064835C650} = {0302F60C-BAE6-4624-80E8-E05312A42311}
		{CA3B4EB2-5A36-4060-8952-EB457CD36D6D} = {7989F7C3-C31D-43E3-AD54-9F595F602D18}
		{D60AAB01-9BC1-4179-B8D2-1C700F75CEDF} = {99B7C8A1-0A17-4C2F-8CA3-BF18EFE83CB1}
		{A9B01511-16F6-4081-939B-CAF003D7CE75} = {20F5DDCC-7EAF-4819-8F31-BA01746B869E}
		{1C76EB4F-FB96-43AD-8AE6-41A2E316E19D} = {17660079-4433-4E4C-B162-C6881B099249}
		{12772228-41BF-487E-B5CB-3C3CBE1DE630} = {B867BE17-F32C-40BC-B415-31C4C1038370}
		{AF9942C0-30FC-45A6-A377-827C2C605FEB} = {20F5DDCC-7EAF-4819-8F31-BA01746B869E}
	EndGlobalSection
	GlobalSection(ExtensibilityGlobals) = postSolution
		SolutionGuid = {2271A283-232F-4EA1-9B0B-90F441851398}
	EndGlobalSection
EndGlobal
